
Microsoft Visual Studio Solution File, Format Version 12.00
# Visual Studio Version 17
VisualStudioVersion = 17.0.31611.283
MinimumVisualStudioVersion = 10.0.40219.1
Project("{9A19103F-16F7-4668-BE54-9A1E7A4F7556}") = "Contacts.Maui", "Contacts.Maui\Contacts.Maui.csproj", "{62DE4FBF-F398-4F05-84C9-B1846B30FCA4}"
EndProject
Project("{FAE04EC0-301F-11D3-BF4B-00C04F79EFBC}") = "Contacts.CoreBusiness", "Contacts.CoreBusiness\Contacts.CoreBusiness.csproj", "{EF099833-9610-417B-9BA0-569C5D54F64C}"
EndProject
Project("{FAE04EC0-301F-11D3-BF4B-00C04F79EFBC}") = "Contacts.UseCases", "Contacts.UseCases\Contacts.UseCases.csproj", "{4BB99C00-97CA-4396-9B14-EED7AD168CC5}"
EndProject
Project("{2150E333-8FDC-42A3-9474-1A3956D46DE8}") = "Plugins", "Plugins", "{049A888F-4005-44F6-82F2-3E4AF1A0CCD0}"
EndProject
Project("{FAE04EC0-301F-11D3-BF4B-00C04F79EFBC}") = "Contacts.Plugins.DataStore.InMemory", "Plugins\Contacts.Plugins.DataStore.InMemory\Contacts.Plugins.DataStore.InMemory.csproj", "{F4670EAC-8FC5-4C5F-952A-BD166483675B}"
EndProject
Global
	GlobalSection(SolutionConfigurationPlatforms) = preSolution
		Debug|Any CPU = Debug|Any CPU
		Release|Any CPU = Release|Any CPU
	EndGlobalSection
	GlobalSection(ProjectConfigurationPlatforms) = postSolution
		{62DE4FBF-F398-4F05-84C9-B1846B30FCA4}.Debug|Any CPU.ActiveCfg = Debug|Any CPU
		{62DE4FBF-F398-4F05-84C9-B1846B30FCA4}.Debug|Any CPU.Build.0 = Debug|Any CPU
		{62DE4FBF-F398-4F05-84C9-B1846B30FCA4}.Debug|Any CPU.Deploy.0 = Debug|Any CPU
		{62DE4FBF-F398-4F05-84C9-B1846B30FCA4}.Release|Any CPU.ActiveCfg = Release|Any CPU
		{62DE4FBF-F398-4F05-84C9-B1846B30FCA4}.Release|Any CPU.Build.0 = Release|Any CPU
		{62DE4FBF-F398-4F05-84C9-B1846B30FCA4}.Release|Any CPU.Deploy.0 = Release|Any CPU
		{EF099833-9610-417B-9BA0-569C5D54F64C}.Debug|Any CPU.ActiveCfg = Debug|Any CPU
		{EF099833-9610-417B-9BA0-569C5D54F64C}.Debug|Any CPU.Build.0 = Debug|Any CPU
		{EF099833-9610-417B-9BA0-569C5D54F64C}.Release|Any CPU.ActiveCfg = Release|Any CPU
		{EF099833-9610-417B-9BA0-569C5D54F64C}.Release|Any CPU.Build.0 = Release|Any CPU
		{4BB99C00-97CA-4396-9B14-EED7AD168CC5}.Debug|Any CPU.ActiveCfg = Debug|Any CPU
		{4BB99C00-97CA-4396-9B14-EED7AD168CC5}.Debug|Any CPU.Build.0 = Debug|Any CPU
		{4BB99C00-97CA-4396-9B14-EED7AD168CC5}.Release|Any CPU.ActiveCfg = Release|Any CPU
		{4BB99C00-97CA-4396-9B14-EED7AD168CC5}.Release|Any CPU.Build.0 = Release|Any CPU
		{F4670EAC-8FC5-4C5F-952A-BD166483675B}.Debug|Any CPU.ActiveCfg = Debug|Any CPU
		{F4670EAC-8FC5-4C5F-952A-BD166483675B}.Debug|Any CPU.Build.0 = Debug|Any CPU
		{F4670EAC-8FC5-4C5F-952A-BD166483675B}.Release|Any CPU.ActiveCfg = Release|Any CPU
		{F4670EAC-8FC5-4C5F-952A-BD166483675B}.Release|Any CPU.Build.0 = Release|Any CPU
	EndGlobalSection
	GlobalSection(SolutionProperties) = preSolution
		HideSolutionNode = FALSE
	EndGlobalSection
	GlobalSection(NestedProjects) = preSolution
		{F4670EAC-8FC5-4C5F-952A-BD166483675B} = {049A888F-4005-44F6-82F2-3E4AF1A0CCD0}
	EndGlobalSection
	GlobalSection(ExtensibilityGlobals) = postSolution
		SolutionGuid = {61F7FB11-1E47-470C-91E2-47F8143E1572}
	EndGlobalSection
EndGlobal
